
Microsoft Visual Studio Solution File, Format Version 12.00
# Visual Studio Version 16
VisualStudioVersion = 16.0.30621.155
MinimumVisualStudioVersion = 10.0.40219.1
Project("{9A19103F-16F7-4668-BE54-9A1E7A4F7556}") = "Zadanie01", "Zadanie01\Zadanie01.csproj", "{CEF48063-B407-427D-B0B0-2C0D8D3A0E2B}"
EndProject
Project("{9A19103F-16F7-4668-BE54-9A1E7A4F7556}") = "Zadanie02", "Zadanie02\Zadanie02.csproj", "{4C1A18C9-668E-4498-976E-439E9547CF59}"
EndProject
Project("{9A19103F-16F7-4668-BE54-9A1E7A4F7556}") = "Zadanie03", "Zadanie03\Zadanie03.csproj", "{9690A441-5E88-4076-BE40-86613D52F400}"
EndProject
Project("{FAE04EC0-301F-11D3-BF4B-00C04F79EFBC}") = "Testy", "Testy\Testy.csproj", "{6F971AD8-4BE4-43AF-A09D-AD3ADF39F1C9}"
EndProject
Global
	GlobalSection(SolutionConfigurationPlatforms) = preSolution
		Debug|Any CPU = Debug|Any CPU
		Release|Any CPU = Release|Any CPU
	EndGlobalSection
	GlobalSection(ProjectConfigurationPlatforms) = postSolution
		{CEF48063-B407-427D-B0B0-2C0D8D3A0E2B}.Debug|Any CPU.ActiveCfg = Debug|Any CPU
		{CEF48063-B407-427D-B0B0-2C0D8D3A0E2B}.Debug|Any CPU.Build.0 = Debug|Any CPU
		{CEF48063-B407-427D-B0B0-2C0D8D3A0E2B}.Release|Any CPU.ActiveCfg = Release|Any CPU
		{CEF48063-B407-427D-B0B0-2C0D8D3A0E2B}.Release|Any CPU.Build.0 = Release|Any CPU
		{4C1A18C9-668E-4498-976E-439E9547CF59}.Debug|Any CPU.ActiveCfg = Debug|Any CPU
		{4C1A18C9-668E-4498-976E-439E9547CF59}.Debug|Any CPU.Build.0 = Debug|Any CPU
		{4C1A18C9-668E-4498-976E-439E9547CF59}.Release|Any CPU.ActiveCfg = Release|Any CPU
		{4C1A18C9-668E-4498-976E-439E9547CF59}.Release|Any CPU.Build.0 = Release|Any CPU
		{9690A441-5E88-4076-BE40-86613D52F400}.Debug|Any CPU.ActiveCfg = Debug|Any CPU
		{9690A441-5E88-4076-BE40-86613D52F400}.Debug|Any CPU.Build.0 = Debug|Any CPU
		{9690A441-5E88-4076-BE40-86613D52F400}.Release|Any CPU.ActiveCfg = Release|Any CPU
		{9690A441-5E88-4076-BE40-86613D52F400}.Release|Any CPU.Build.0 = Release|Any CPU
		{6F971AD8-4BE4-43AF-A09D-AD3ADF39F1C9}.Debug|Any CPU.ActiveCfg = Debug|Any CPU
		{6F971AD8-4BE4-43AF-A09D-AD3ADF39F1C9}.Debug|Any CPU.Build.0 = Debug|Any CPU
		{6F971AD8-4BE4-43AF-A09D-AD3ADF39F1C9}.Release|Any CPU.ActiveCfg = Release|Any CPU
		{6F971AD8-4BE4-43AF-A09D-AD3ADF39F1C9}.Release|Any CPU.Build.0 = Release|Any CPU
	EndGlobalSection
	GlobalSection(SolutionProperties) = preSolution
		HideSolutionNode = FALSE
	EndGlobalSection
	GlobalSection(ExtensibilityGlobals) = postSolution
		SolutionGuid = {6BA3C02F-638F-4E88-A537-09EF953B6EFC}
	EndGlobalSection
EndGlobal
